
Microsoft Visual Studio Solution File, Format Version 12.00
# Visual Studio 15
VisualStudioVersion = 15.0.27004.2002
MinimumVisualStudioVersion = 10.0.40219.1
Project("{FAE04EC0-301F-11D3-BF4B-00C04F79EFBC}") = "KlasseProgrammering 2.0", "KlasseProgrammering 2.0\KlasseProgrammering 2.0.csproj", "{2E7F0279-00CD-4D4A-983E-85A2DB8ECE34}"
EndProject
Global
	GlobalSection(SolutionConfigurationPlatforms) = preSolution
		Debug|Any CPU = Debug|Any CPU
		Release|Any CPU = Release|Any CPU
	EndGlobalSection
	GlobalSection(ProjectConfigurationPlatforms) = postSolution
		{2E7F0279-00CD-4D4A-983E-85A2DB8ECE34}.Debug|Any CPU.ActiveCfg = Debug|Any CPU
		{2E7F0279-00CD-4D4A-983E-85A2DB8ECE34}.Debug|Any CPU.Build.0 = Debug|Any CPU
		{2E7F0279-00CD-4D4A-983E-85A2DB8ECE34}.Release|Any CPU.ActiveCfg = Release|Any CPU
		{2E7F0279-00CD-4D4A-983E-85A2DB8ECE34}.Release|Any CPU.Build.0 = Release|Any CPU
	EndGlobalSection
	GlobalSection(SolutionProperties) = preSolution
		HideSolutionNode = FALSE
	EndGlobalSection
	GlobalSection(ExtensibilityGlobals) = postSolution
		SolutionGuid = {87661F9F-4DEB-46B2-84A8-1D1DB65C5D73}
	EndGlobalSection
EndGlobal
